
Microsoft Visual Studio Solution File, Format Version 12.00
# Visual Studio Version 17
VisualStudioVersion = 17.12.35527.113 d17.12
MinimumVisualStudioVersion = 10.0.40219.1
Project("{FAE04EC0-301F-11D3-BF4B-00C04F79EFBC}") = "TURNOS BANCARIOS", "TURNOS BANCARIOS\TURNOS BANCARIOS.csproj", "{DCC92423-C748-4779-BA1B-412002677ECF}"
EndProject
Global
	GlobalSection(SolutionConfigurationPlatforms) = preSolution
		Debug|Any CPU = Debug|Any CPU
		Release|Any CPU = Release|Any CPU
	EndGlobalSection
	GlobalSection(ProjectConfigurationPlatforms) = postSolution
		{DCC92423-C748-4779-BA1B-412002677ECF}.Debug|Any CPU.ActiveCfg = Debug|Any CPU
		{DCC92423-C748-4779-BA1B-412002677ECF}.Debug|Any CPU.Build.0 = Debug|Any CPU
		{DCC92423-C748-4779-BA1B-412002677ECF}.Release|Any CPU.ActiveCfg = Release|Any CPU
		{DCC92423-C748-4779-BA1B-412002677ECF}.Release|Any CPU.Build.0 = Release|Any CPU
	EndGlobalSection
	GlobalSection(SolutionProperties) = preSolution
		HideSolutionNode = FALSE
	EndGlobalSection
EndGlobal
